{
  "name": "api",
  "version": "1.0.0",
  "lockfileVersion": 2,
  "requires": true,
  "packages": {
    "": {
      "name": "api",
      "version": "1.0.0",
      "dependencies": {
        "@types/node": "^17.0.32",
        "func": "^1.3.5",
        "host": "^0.0.1",
        "start": "^5.1.0"
      },
      "devDependencies": {
        "@azure/functions": "^2.0.0",
        "typescript": "^4.0.0"
      }
    },
    "node_modules/@azure/functions": {
      "version": "2.0.0",
      "resolved": "https://registry.npmjs.org/@azure/functions/-/functions-2.0.0.tgz",
      "integrity": "sha512-FUd0bdmM6LtApr9LNQi1BFpNchrk1FwkzieTSw0XzA9dCr83jI62MxWsM5YIFrDnJS3i2Ry81D78PecukGCL/w==",
      "dev": true
    },
    "node_modules/@types/node": {
      "version": "17.0.32",
      "resolved": "https://registry.npmjs.org/@types/node/-/node-17.0.32.tgz",
      "integrity": "sha512-eAIcfAvhf/BkHcf4pkLJ7ECpBAhh9kcxRBpip9cTiO+hf+aJrsxYxBeS6OXvOd9WqNAJmavXVpZvY1rBjNsXmw=="
    },
    "node_modules/arg": {
      "version": "5.0.1",
      "resolved": "https://registry.npmjs.org/arg/-/arg-5.0.1.tgz",
      "integrity": "sha512-e0hDa9H2Z9AwFkk2qDlwhoMYE4eToKarchkQHovNdLTCYMHZHeRjI71crOh+dio4K6u1IcwubQqo79Ga4CyAQA=="
    },
    "node_modules/func": {
      "version": "1.3.5",
      "resolved": "https://registry.npmjs.org/func/-/func-1.3.5.tgz",
      "integrity": "sha512-slkk8qzb7ZgKUfiEuyBNEAQW+A/zuejgkyBJjrM8WZdGmuLHt8aYxW+2Z6wvXtVI9i+03PL/hPUWlfyqG6tq3g==",
      "dependencies": {
        "arg": "^5.0.1",
        "reflect-metadata": "^0.1.13"
      }
    },
    "node_modules/host": {
      "version": "0.0.1",
      "resolved": "https://registry.npmjs.org/host/-/host-0.0.1.tgz",
      "integrity": "sha1-5noJVUMXdQldkEYoKqIUCRgC7v8=",
      "bin": {
        "host": "bin/host"
      }
    },
    "node_modules/reflect-metadata": {
      "version": "0.1.13",
      "resolved": "https://registry.npmjs.org/reflect-metadata/-/reflect-metadata-0.1.13.tgz",
      "integrity": "sha512-Ts1Y/anZELhSsjMcU605fU9RE4Oi3p5ORujwbIKXfWa+0Zxs510Qrmrce5/Jowq3cHSZSJqBjypxmHarc+vEWg=="
    },
    "node_modules/start": {
      "version": "5.1.0",
      "resolved": "https://registry.npmjs.org/start/-/start-5.1.0.tgz",
      "integrity": "sha1-HBcfDvlIf1bQq5p1Ws6GAWkgh2M=",
      "deprecated": "Deprecated in favor of https://github.com/deepsweet/start",
      "engines": {
        "node": ">=4"
      }
    },
    "node_modules/typescript": {
      "version": "4.6.4",
      "resolved": "https://registry.npmjs.org/typescript/-/typescript-4.6.4.tgz",
      "integrity": "sha512-9ia/jWHIEbo49HfjrLGfKbZSuWo9iTMwXO+Ca3pRsSpbsMbc7/IU8NKdCZVRRBafVPGnoJeFL76ZOAA84I9fEg==",
      "dev": true,
      "bin": {
        "tsc": "bin/tsc",
        "tsserver": "bin/tsserver"
      },
      "engines": {
        "node": ">=4.2.0"
      }
    }
  },
  "dependencies": {
    "@azure/functions": {
      "version": "2.0.0",
      "resolved": "https://registry.npmjs.org/@azure/functions/-/functions-2.0.0.tgz",
      "integrity": "sha512-FUd0bdmM6LtApr9LNQi1BFpNchrk1FwkzieTSw0XzA9dCr83jI62MxWsM5YIFrDnJS3i2Ry81D78PecukGCL/w==",
      "dev": true
    },
    "@types/node": {
      "version": "17.0.32",
      "resolved": "https://registry.npmjs.org/@types/node/-/node-17.0.32.tgz",
      "integrity": "sha512-eAIcfAvhf/BkHcf4pkLJ7ECpBAhh9kcxRBpip9cTiO+hf+aJrsxYxBeS6OXvOd9WqNAJmavXVpZvY1rBjNsXmw=="
    },
    "arg": {
      "version": "5.0.1",
      "resolved": "https://registry.npmjs.org/arg/-/arg-5.0.1.tgz",
      "integrity": "sha512-e0hDa9H2Z9AwFkk2qDlwhoMYE4eToKarchkQHovNdLTCYMHZHeRjI71crOh+dio4K6u1IcwubQqo79Ga4CyAQA=="
    },
    "func": {
      "version": "1.3.5",
      "resolved": "https://registry.npmjs.org/func/-/func-1.3.5.tgz",
      "integrity": "sha512-slkk8qzb7ZgKUfiEuyBNEAQW+A/zuejgkyBJjrM8WZdGmuLHt8aYxW+2Z6wvXtVI9i+03PL/hPUWlfyqG6tq3g==",
      "requires": {
        "arg": "^5.0.1",
        "reflect-metadata": "^0.1.13"
      }
    },
    "host": {
      "version": "0.0.1",
      "resolved": "https://registry.npmjs.org/host/-/host-0.0.1.tgz",
      "integrity": "sha1-5noJVUMXdQldkEYoKqIUCRgC7v8="
    },
    "reflect-metadata": {
      "version": "0.1.13",
      "resolved": "https://registry.npmjs.org/reflect-metadata/-/reflect-metadata-0.1.13.tgz",
      "integrity": "sha512-Ts1Y/anZELhSsjMcU605fU9RE4Oi3p5ORujwbIKXfWa+0Zxs510Qrmrce5/Jowq3cHSZSJqBjypxmHarc+vEWg=="
    },
    "start": {
      "version": "5.1.0",
      "resolved": "https://registry.npmjs.org/start/-/start-5.1.0.tgz",
      "integrity": "sha1-HBcfDvlIf1bQq5p1Ws6GAWkgh2M="
    },
    "typescript": {
      "version": "4.6.4",
      "resolved": "https://registry.npmjs.org/typescript/-/typescript-4.6.4.tgz",
      "integrity": "sha512-9ia/jWHIEbo49HfjrLGfKbZSuWo9iTMwXO+Ca3pRsSpbsMbc7/IU8NKdCZVRRBafVPGnoJeFL76ZOAA84I9fEg==",
      "dev": true
    }
  }
}
